
Microsoft Visual Studio Solution File, Format Version 12.00
# Visual Studio Version 17
VisualStudioVersion = 17.12.35527.113
MinimumVisualStudioVersion = 10.0.40219.1
Project("{FAE04EC0-301F-11D3-BF4B-00C04F79EFBC}") = "Movies.Application", "Movies.Application\Movies.Application.csproj", "{6AB99102-82FC-44A6-9D7F-17D04E21E00F}"
EndProject
Project("{FAE04EC0-301F-11D3-BF4B-00C04F79EFBC}") = "Movies.Contracts", "Movies.Contracts\Movies.Contracts.csproj", "{16033F5D-9A2C-409C-869E-4E1FD2FEEA67}"
EndProject
Project("{FAE04EC0-301F-11D3-BF4B-00C04F79EFBC}") = "Movies.Api", "Movies.Api\Movies.Api.csproj", "{190DED46-FE07-45FD-829A-663C72F53B2E}"
EndProject
Project("{FAE04EC0-301F-11D3-BF4B-00C04F79EFBC}") = "Identity.Api", "Identity.Api\Identity.Api.csproj", "{5160D2F8-8F09-4084-9AF5-9D535075A794}"
EndProject
Project("{FAE04EC0-301F-11D3-BF4B-00C04F79EFBC}") = "Movies.Api.Sdk", "Movies.Api.Sdk\Movies.Api.Sdk.csproj", "{08967FD2-ECAF-4877-938C-FB507848E29C}"
EndProject
Project("{FAE04EC0-301F-11D3-BF4B-00C04F79EFBC}") = "Movies.Api.Sdk.Consumer", "Movies.Api.Sdk.Consumer\Movies.Api.Sdk.Consumer.csproj", "{D23BC6AE-A10A-41B0-9C1C-8977028E8154}"
EndProject
Global
	GlobalSection(SolutionConfigurationPlatforms) = preSolution
		Debug|Any CPU = Debug|Any CPU
		Release|Any CPU = Release|Any CPU
	EndGlobalSection
	GlobalSection(ProjectConfigurationPlatforms) = postSolution
		{6AB99102-82FC-44A6-9D7F-17D04E21E00F}.Debug|Any CPU.ActiveCfg = Debug|Any CPU
		{6AB99102-82FC-44A6-9D7F-17D04E21E00F}.Debug|Any CPU.Build.0 = Debug|Any CPU
		{6AB99102-82FC-44A6-9D7F-17D04E21E00F}.Release|Any CPU.ActiveCfg = Release|Any CPU
		{6AB99102-82FC-44A6-9D7F-17D04E21E00F}.Release|Any CPU.Build.0 = Release|Any CPU
		{16033F5D-9A2C-409C-869E-4E1FD2FEEA67}.Debug|Any CPU.ActiveCfg = Debug|Any CPU
		{16033F5D-9A2C-409C-869E-4E1FD2FEEA67}.Debug|Any CPU.Build.0 = Debug|Any CPU
		{16033F5D-9A2C-409C-869E-4E1FD2FEEA67}.Release|Any CPU.ActiveCfg = Release|Any CPU
		{16033F5D-9A2C-409C-869E-4E1FD2FEEA67}.Release|Any CPU.Build.0 = Release|Any CPU
		{190DED46-FE07-45FD-829A-663C72F53B2E}.Debug|Any CPU.ActiveCfg = Debug|Any CPU
		{190DED46-FE07-45FD-829A-663C72F53B2E}.Debug|Any CPU.Build.0 = Debug|Any CPU
		{190DED46-FE07-45FD-829A-663C72F53B2E}.Release|Any CPU.ActiveCfg = Release|Any CPU
		{190DED46-FE07-45FD-829A-663C72F53B2E}.Release|Any CPU.Build.0 = Release|Any CPU
		{5160D2F8-8F09-4084-9AF5-9D535075A794}.Debug|Any CPU.ActiveCfg = Debug|Any CPU
		{5160D2F8-8F09-4084-9AF5-9D535075A794}.Debug|Any CPU.Build.0 = Debug|Any CPU
		{5160D2F8-8F09-4084-9AF5-9D535075A794}.Release|Any CPU.ActiveCfg = Release|Any CPU
		{5160D2F8-8F09-4084-9AF5-9D535075A794}.Release|Any CPU.Build.0 = Release|Any CPU
		{08967FD2-ECAF-4877-938C-FB507848E29C}.Debug|Any CPU.ActiveCfg = Debug|Any CPU
		{08967FD2-ECAF-4877-938C-FB507848E29C}.Debug|Any CPU.Build.0 = Debug|Any CPU
		{08967FD2-ECAF-4877-938C-FB507848E29C}.Release|Any CPU.ActiveCfg = Release|Any CPU
		{08967FD2-ECAF-4877-938C-FB507848E29C}.Release|Any CPU.Build.0 = Release|Any CPU
		{D23BC6AE-A10A-41B0-9C1C-8977028E8154}.Debug|Any CPU.ActiveCfg = Debug|Any CPU
		{D23BC6AE-A10A-41B0-9C1C-8977028E8154}.Debug|Any CPU.Build.0 = Debug|Any CPU
		{D23BC6AE-A10A-41B0-9C1C-8977028E8154}.Release|Any CPU.ActiveCfg = Release|Any CPU
		{D23BC6AE-A10A-41B0-9C1C-8977028E8154}.Release|Any CPU.Build.0 = Release|Any CPU
	EndGlobalSection
	GlobalSection(SolutionProperties) = preSolution
		HideSolutionNode = FALSE
	EndGlobalSection
EndGlobal
